
Microsoft Visual Studio Solution File, Format Version 12.00
# Visual Studio 15
VisualStudioVersion = 15.0.26730.16
MinimumVisualStudioVersion = 10.0.40219.1
Project("{FAE04EC0-301F-11D3-BF4B-00C04F79EFBC}") = "MasGlobal.Web", "MasGlobal.Web\MasGlobal.Web.csproj", "{677B726C-A2D2-480B-8468-1B250BE1F6A3}"
EndProject
Project("{FAE04EC0-301F-11D3-BF4B-00C04F79EFBC}") = "MasGlobal.Web.Tests", "MasGlobal.Web.Tests\MasGlobal.Web.Tests.csproj", "{7DDE0333-AED4-44B0-BAE5-7F3F609D82BE}"
EndProject
Project("{FAE04EC0-301F-11D3-BF4B-00C04F79EFBC}") = "MasGlobal.Core", "MasGlobal.Core\MasGlobal.Core.csproj", "{576B1E2A-2419-4E25-861F-4FF070CFCF0D}"
EndProject
Project("{FAE04EC0-301F-11D3-BF4B-00C04F79EFBC}") = "MasGlobal.Common", "MasGlobal.Common\MasGlobal.Common.csproj", "{E961A0F6-3065-4DA3-B73F-699832C0AD5A}"
EndProject
Project("{FAE04EC0-301F-11D3-BF4B-00C04F79EFBC}") = "MasGlobal.DAL", "MasGlobal.DAL\MasGlobal.DAL.csproj", "{DA989846-B13B-432B-855B-BE3E32CE09DD}"
EndProject
Global
	GlobalSection(SolutionConfigurationPlatforms) = preSolution
		Debug|Any CPU = Debug|Any CPU
		Release|Any CPU = Release|Any CPU
	EndGlobalSection
	GlobalSection(ProjectConfigurationPlatforms) = postSolution
		{677B726C-A2D2-480B-8468-1B250BE1F6A3}.Debug|Any CPU.ActiveCfg = Debug|Any CPU
		{677B726C-A2D2-480B-8468-1B250BE1F6A3}.Debug|Any CPU.Build.0 = Debug|Any CPU
		{677B726C-A2D2-480B-8468-1B250BE1F6A3}.Release|Any CPU.ActiveCfg = Release|Any CPU
		{677B726C-A2D2-480B-8468-1B250BE1F6A3}.Release|Any CPU.Build.0 = Release|Any CPU
		{7DDE0333-AED4-44B0-BAE5-7F3F609D82BE}.Debug|Any CPU.ActiveCfg = Debug|Any CPU
		{7DDE0333-AED4-44B0-BAE5-7F3F609D82BE}.Debug|Any CPU.Build.0 = Debug|Any CPU
		{7DDE0333-AED4-44B0-BAE5-7F3F609D82BE}.Release|Any CPU.ActiveCfg = Release|Any CPU
		{7DDE0333-AED4-44B0-BAE5-7F3F609D82BE}.Release|Any CPU.Build.0 = Release|Any CPU
		{576B1E2A-2419-4E25-861F-4FF070CFCF0D}.Debug|Any CPU.ActiveCfg = Debug|Any CPU
		{576B1E2A-2419-4E25-861F-4FF070CFCF0D}.Debug|Any CPU.Build.0 = Debug|Any CPU
		{576B1E2A-2419-4E25-861F-4FF070CFCF0D}.Release|Any CPU.ActiveCfg = Release|Any CPU
		{576B1E2A-2419-4E25-861F-4FF070CFCF0D}.Release|Any CPU.Build.0 = Release|Any CPU
		{E961A0F6-3065-4DA3-B73F-699832C0AD5A}.Debug|Any CPU.ActiveCfg = Debug|Any CPU
		{E961A0F6-3065-4DA3-B73F-699832C0AD5A}.Debug|Any CPU.Build.0 = Debug|Any CPU
		{E961A0F6-3065-4DA3-B73F-699832C0AD5A}.Release|Any CPU.ActiveCfg = Release|Any CPU
		{E961A0F6-3065-4DA3-B73F-699832C0AD5A}.Release|Any CPU.Build.0 = Release|Any CPU
		{DA989846-B13B-432B-855B-BE3E32CE09DD}.Debug|Any CPU.ActiveCfg = Debug|Any CPU
		{DA989846-B13B-432B-855B-BE3E32CE09DD}.Debug|Any CPU.Build.0 = Debug|Any CPU
		{DA989846-B13B-432B-855B-BE3E32CE09DD}.Release|Any CPU.ActiveCfg = Release|Any CPU
		{DA989846-B13B-432B-855B-BE3E32CE09DD}.Release|Any CPU.Build.0 = Release|Any CPU
	EndGlobalSection
	GlobalSection(SolutionProperties) = preSolution
		HideSolutionNode = FALSE
	EndGlobalSection
	GlobalSection(ExtensibilityGlobals) = postSolution
		SolutionGuid = {AE4F4066-3080-486E-8E83-F962AAD3E7B3}
	EndGlobalSection
EndGlobal
